// !$*UTF8*$!
{
	archiveVersion = 1;
	classes = {
	};
	objectVersion = 110;
	objects = {

/* Begin PBXBuildFile section */
		A1B2C3D400000000000000A3 /* AsyncFileMonitor in Frameworks */ = {isa = PBXBuildFile; productRef = A1B2C3D400000000000000A2 /* AsyncFileMonitor */; };
/* End PBXBuildFile section */

/* Begin PBXContainerItemProxy section */
		158380D5303E6BB600F921C8 /* PBXContainerItemProxy */ = {
			isa = PBXContainerItemProxy;
			containerPortal = 158380BF303E6BB500F921C8 /* Project object */;
			proxyType = 1;
			remoteGlobalIDString = 158380C6303E6BB500F921C8;
			remoteInfo = Wraith;
		};
/* End PBXContainerItemProxy section */

/* Begin PBXFileReference section */
		158380C7303E6BB500F921C8 /* Wraith.app */ = {isa = PBXFileReference; explicitFileType = wrapper.application; includeInIndex = 0; path = Wraith.app; sourceTree = BUILT_PRODUCTS_DIR; };
		158380D4303E6BB600F921C8 /* WraithTests.xctest */ = {isa = PBXFileReference; explicitFileType = wrapper.cfbundle; includeInIndex = 0; path = WraithTests.xctest; sourceTree = BUILT_PRODUCTS_DIR; };
/* End PBXFileReference section */

/* Begin PBXFileSystemSynchronizedBuildFileExceptionSet section */
		158380EC303E6BB600F921C8 /* Exceptions for "Wraith" folder in "Wraith" target */ = {
			isa = PBXFileSystemSynchronizedBuildFileExceptionSet;
			membershipExceptions = (
				Info.plist,
			);
			target = 158380C6303E6BB500F921C8 /* Wraith */;
		};
/* End PBXFileSystemSynchronizedBuildFileExceptionSet section */

/* Begin PBXFileSystemSynchronizedRootGroup section */
		158380C9303E6BB500F921C8 /* Wraith */ = {
			isa = PBXFileSystemSynchronizedRootGroup;
			exceptions = (
				158380EC303E6BB600F921C8 /* Exceptions for "Wraith" folder in "Wraith" target */,
			);
			path = Wraith;
			sourceTree = "<group>";
		};
		158380D7303E6BB600F921C8 /* WraithTests */ = {
			isa = PBXFileSystemSynchronizedRootGroup;
			path = WraithTests;
			sourceTree = "<group>";
		};
/* End PBXFileSystemSynchronizedRootGroup section */

/* Begin PBXFrameworksBuildPhase section */
		158380C4303E6BB500F921C8 /* Frameworks */ = {
			isa = PBXFrameworksBuildPhase;
			files = (
				A1B2C3D400000000000000A3 /* AsyncFileMonitor in Frameworks */,
			);
		};
		158380D1303E6BB600F921C8 /* Frameworks */ = {
			isa = PBXFrameworksBuildPhase;
			files = (
			);
		};
/* End PBXFrameworksBuildPhase section */

/* Begin PBXGroup section */
		158380BE303E6BB500F921C8 = {
			isa = PBXGroup;
			children = (
				158380C9303E6BB500F921C8 /* Wraith */,
				158380D7303E6BB600F921C8 /* WraithTests */,
				158380C8303E6BB500F921C8 /* Products */,
			);
			sourceTree = "<group>";
		};
		158380C8303E6BB500F921C8 /* Products */ = {
			isa = PBXGroup;
			children = (
				158380C7303E6BB500F921C8 /* Wraith.app */,
				158380D4303E6BB600F921C8 /* WraithTests.xctest */,
			);
			name = Products;
			sourceTree = "<group>";
		};
/* End PBXGroup section */

/* Begin PBXNativeTarget section */
		158380C6303E6BB500F921C8 /* Wraith */ = {
			isa = PBXNativeTarget;
			buildConfigurationList = 158380E6303E6BB600F921C8 /* Build configuration list for PBXNativeTarget "Wraith" */;
			buildPhases = (
				158380C3303E6BB500F921C8 /* Sources */,
				158380C4303E6BB500F921C8 /* Frameworks */,
				158380C5303E6BB500F921C8 /* Resources */,
			);
			buildRules = (
			);
			fileSystemSynchronizedGroups = (
				158380C9303E6BB500F921C8 /* Wraith */,
			);
			name = Wraith;
			packageProductDependencies = (
				A1B2C3D400000000000000A2 /* AsyncFileMonitor */,
			);
			productName = Wraith;
			productReference = 158380C7303E6BB500F921C8 /* Wraith.app */;
			productType = "com.apple.product-type.application";
		};
		158380D3303E6BB600F921C8 /* WraithTests */ = {
			isa = PBXNativeTarget;
			buildConfigurationList = 158380E9303E6BB600F921C8 /* Build configuration list for PBXNativeTarget "WraithTests" */;
			buildPhases = (
				158380D0303E6BB600F921C8 /* Sources */,
				158380D1303E6BB600F921C8 /* Frameworks */,
				158380D2303E6BB600F921C8 /* Resources */,
			);
			buildRules = (
			);
			dependencies = (
				158380D6303E6BB600F921C8 /* PBXTargetDependency */,
			);
			fileSystemSynchronizedGroups = (
				158380D7303E6BB600F921C8 /* WraithTests */,
			);
			name = WraithTests;
			productName = WraithTests;
			productReference = 158380D4303E6BB600F921C8 /* WraithTests.xctest */;
			productType = "com.apple.product-type.bundle.unit-test";
		};
/* End PBXNativeTarget section */

/* Begin PBXProject section */
		158380BF303E6BB500F921C8 /* Project object */ = {
			isa = PBXProject;
			attributes = {
				BuildIndependentTargetsInParallel = 1;
				LastSwiftUpdateCheck = 2700;
				LastUpgradeCheck = 2700;
				TargetAttributes = {
					158380C6303E6BB500F921C8 = {
						CreatedOnToolsVersion = 27.0;
					};
					158380D3303E6BB600F921C8 = {
						CreatedOnToolsVersion = 27.0;
						TestTargetID = 158380C6303E6BB500F921C8;
					};
				};
			};
			buildConfigurationList = 158380C2303E6BB500F921C8 /* Build configuration list for PBXProject "Wraith" */;
			developmentRegion = en;
			hasScannedForEncodings = 0;
			knownRegions = (
				en,
				Base,
			);
			mainGroup = 158380BE303E6BB500F921C8;
			minimizedProjectReferenceProxies = 1;
			packageReferences = (
				A1B2C3D400000000000000A1 /* XCRemoteSwiftPackageReference "AsyncFileMonitor" */,
			);
			preferredProjectObjectVersion = 77;
			productRefGroup = 158380C8303E6BB500F921C8 /* Products */;
			projectDirPath = "";
			projectRoot = "";
			targets = (
				158380C6303E6BB500F921C8 /* Wraith */,
				158380D3303E6BB600F921C8 /* WraithTests */,
			);
		};
/* End PBXProject section */

/* Begin PBXResourcesBuildPhase section */
		158380C5303E6BB500F921C8 /* Resources */ = {
			isa = PBXResourcesBuildPhase;
			files = (
			);
		};
		158380D2303E6BB600F921C8 /* Resources */ = {
			isa = PBXResourcesBuildPhase;
			files = (
			);
		};
/* End PBXResourcesBuildPhase section */

/* Begin PBXSourcesBuildPhase section */
		158380C3303E6BB500F921C8 /* Sources */ = {
			isa = PBXSourcesBuildPhase;
			files = (
			);
		};
		158380D0303E6BB600F921C8 /* Sources */ = {
			isa = PBXSourcesBuildPhase;
			files = (
			);
		};
/* End PBXSourcesBuildPhase section */

/* Begin PBXTargetDependency section */
		158380D6303E6BB600F921C8 /* PBXTargetDependency */ = {
			isa = PBXTargetDependency;
			target = 158380C6303E6BB500F921C8 /* Wraith */;
			targetProxy = 158380D5303E6BB600F921C8 /* PBXContainerItemProxy */;
		};
/* End PBXTargetDependency section */

/* Begin XCBuildConfiguration section */
		158380E4303E6BB600F921C8 /* Debug configuration for PBXProject "Wraith" */ = {
			isa = XCBuildConfiguration;
			buildSettings = {
				ALWAYS_SEARCH_USER_PATHS = NO;
				ASSETCATALOG_COMPILER_GENERATE_SWIFT_ASSET_SYMBOL_EXTENSIONS = YES;
				CLANG_ANALYZER_NONNULL = YES;
				CLANG_ANALYZER_NUMBER_OBJECT_CONVERSION = YES_AGGRESSIVE;
				CLANG_CXX_LANGUAGE_STANDARD = "gnu++20";
				CLANG_ENABLE_MODULES = YES;
				CLANG_ENABLE_OBJC_ARC = YES;
				CLANG_ENABLE_OBJC_WEAK = YES;
				CLANG_WARN_BLOCK_CAPTURE_AUTORELEASING = YES;
				CLANG_WARN_BOOL_CONVERSION = YES;
				CLANG_WARN_COMMA = YES;
				CLANG_WARN_CONSTANT_CONVERSION = YES;
				CLANG_WARN_DEPRECATED_OBJC_IMPLEMENTATIONS = YES;
				CLANG_WARN_DIRECT_OBJC_ISA_USAGE = YES_ERROR;
				CLANG_WARN_DOCUMENTATION_COMMENTS = YES;
				CLANG_WARN_EMPTY_BODY = YES;
				CLANG_WARN_ENUM_CONVERSION = YES;
				CLANG_WARN_INFINITE_RECURSION = YES;
				CLANG_WARN_INT_CONVERSION = YES;
				CLANG_WARN_NON_LITERAL_NULL_CONVERSION = YES;
				CLANG_WARN_OBJC_IMPLICIT_RETAIN_SELF = YES;
				CLANG_WARN_OBJC_LITERAL_CONVERSION = YES;
				CLANG_WARN_OBJC_ROOT_CLASS = YES_ERROR;
				CLANG_WARN_QUOTED_INCLUDE_IN_FRAMEWORK_HEADER = YES;
				CLANG_WARN_RANGE_LOOP_ANALYSIS = YES;
				CLANG_WARN_STRICT_PROTOTYPES = YES;
				CLANG_WARN_SUSPICIOUS_MOVE = YES;
				CLANG_WARN_UNGUARDED_AVAILABILITY = YES_AGGRESSIVE;
				CLANG_WARN_UNREACHABLE_CODE = YES;
				CLANG_WARN__DUPLICATE_METHOD_MATCH = YES;
				COPY_PHASE_STRIP = NO;
				DEBUG_INFORMATION_FORMAT = dwarf;
				DEVELOPMENT_TEAM = H6PDBN2THG;
				ENABLE_STRICT_OBJC_MSGSEND = YES;
				ENABLE_TESTABILITY = YES;
				ENABLE_USER_SCRIPT_SANDBOXING = YES;
				GCC_C_LANGUAGE_STANDARD = gnu17;
				GCC_DYNAMIC_NO_PIC = NO;
				GCC_NO_COMMON_BLOCKS = YES;
				GCC_OPTIMIZATION_LEVEL = 0;
				GCC_PREPROCESSOR_DEFINITIONS = (
					"DEBUG=1",
					"$(inherited)",
				);
				GCC_WARN_64_TO_32_BIT_CONVERSION = YES;
				GCC_WARN_ABOUT_RETURN_TYPE = YES_ERROR;
				GCC_WARN_UNDECLARED_SELECTOR = YES;
				GCC_WARN_UNINITIALIZED_AUTOS = YES_AGGRESSIVE;
				GCC_WARN_UNUSED_FUNCTION = YES;
				GCC_WARN_UNUSED_VARIABLE = YES;
				LOCALIZATION_PREFERS_STRING_CATALOGS = YES;
				MACOSX_DEPLOYMENT_TARGET = 26.0;
				MTL_ENABLE_DEBUG_INFO = INCLUDE_SOURCE;
				MTL_FAST_MATH = YES;
				ONLY_ACTIVE_ARCH = YES;
				SDKROOT = macosx;
				SWIFT_ACTIVE_COMPILATION_CONDITIONS = "DEBUG $(inherited)";
				SWIFT_OPTIMIZATION_LEVEL = "-Onone";
			};
			name = Debug;
		};
		158380E5303E6BB600F921C8 /* Release configuration for PBXProject "Wraith" */ = {
			isa = XCBuildConfiguration;
			buildSettings = {
				ALWAYS_SEARCH_USER_PATHS = NO;
				ASSETCATALOG_COMPILER_GENERATE_SWIFT_ASSET_SYMBOL_EXTENSIONS = YES;
				CLANG_ANALYZER_NONNULL = YES;
				CLANG_ANALYZER_NUMBER_OBJECT_CONVERSION = YES_AGGRESSIVE;
				CLANG_CXX_LANGUAGE_STANDARD = "gnu++20";
				CLANG_ENABLE_MODULES = YES;
				CLANG_ENABLE_OBJC_ARC = YES;
				CLANG_ENABLE_OBJC_WEAK = YES;
				CLANG_WARN_BLOCK_CAPTURE_AUTORELEASING = YES;
				CLANG_WARN_BOOL_CONVERSION = YES;
				CLANG_WARN_COMMA = YES;
				CLANG_WARN_CONSTANT_CONVERSION = YES;
				CLANG_WARN_DEPRECATED_OBJC_IMPLEMENTATIONS = YES;
				CLANG_WARN_DIRECT_OBJC_ISA_USAGE = YES_ERROR;
				CLANG_WARN_DOCUMENTATION_COMMENTS = YES;
				CLANG_WARN_EMPTY_BODY = YES;
				CLANG_WARN_ENUM_CONVERSION = YES;
				CLANG_WARN_INFINITE_RECURSION = YES;
				CLANG_WARN_INT_CONVERSION = YES;
				CLANG_WARN_NON_LITERAL_NULL_CONVERSION = YES;
				CLANG_WARN_OBJC_IMPLICIT_RETAIN_SELF = YES;
				CLANG_WARN_OBJC_LITERAL_CONVERSION = YES;
				CLANG_WARN_OBJC_ROOT_CLASS = YES_ERROR;
				CLANG_WARN_QUOTED_INCLUDE_IN_FRAMEWORK_HEADER = YES;
				CLANG_WARN_RANGE_LOOP_ANALYSIS = YES;
				CLANG_WARN_STRICT_PROTOTYPES = YES;
				CLANG_WARN_SUSPICIOUS_MOVE = YES;
				CLANG_WARN_UNGUARDED_AVAILABILITY = YES_AGGRESSIVE;
				CLANG_WARN_UNREACHABLE_CODE = YES;
				CLANG_WARN__DUPLICATE_METHOD_MATCH = YES;
				COPY_PHASE_STRIP = NO;
				DEBUG_INFORMATION_FORMAT = "dwarf-with-dsym";
				DEVELOPMENT_TEAM = H6PDBN2THG;
				ENABLE_NS_ASSERTIONS = NO;
				ENABLE_STRICT_OBJC_MSGSEND = YES;
				ENABLE_USER_SCRIPT_SANDBOXING = YES;
				GCC_C_LANGUAGE_STANDARD = gnu17;
				GCC_NO_COMMON_BLOCKS = YES;
				GCC_WARN_64_TO_32_BIT_CONVERSION = YES;
				GCC_WARN_ABOUT_RETURN_TYPE = YES_ERROR;
				GCC_WARN_UNDECLARED_SELECTOR = YES;
				GCC_WARN_UNINITIALIZED_AUTOS = YES_AGGRESSIVE;
				GCC_WARN_UNUSED_FUNCTION = YES;
				GCC_WARN_UNUSED_VARIABLE = YES;
				LOCALIZATION_PREFERS_STRING_CATALOGS = YES;
				MACOSX_DEPLOYMENT_TARGET = 26.0;
				MTL_ENABLE_DEBUG_INFO = NO;
				MTL_FAST_MATH = YES;
				SDKROOT = macosx;
				SWIFT_COMPILATION_MODE = wholemodule;
			};
			name = Release;
		};
		158380E7303E6BB600F921C8 /* Debug configuration for PBXNativeTarget "Wraith" */ = {
			isa = XCBuildConfiguration;
			buildSettings = {
				ASSETCATALOG_COMPILER_APPICON_NAME = AppIcon;
				ASSETCATALOG_COMPILER_GLOBAL_ACCENT_COLOR_NAME = AccentColor;
				CODE_SIGN_STYLE = Automatic;
				COMBINE_HIDPI_IMAGES = YES;
				CURRENT_PROJECT_VERSION = 1;
				DEVELOPMENT_TEAM = H6PDBN2THG;
				ENABLE_APP_SANDBOX = NO;
				ENABLE_HARDENED_RUNTIME = YES;
				ENABLE_PREVIEWS = YES;
				ENABLE_USER_SELECTED_FILES = readonly;
				GENERATE_INFOPLIST_FILE = YES;
				INFOPLIST_FILE = Wraith/Info.plist;
				INFOPLIST_KEY_NSHumanReadableCopyright = "";
				LD_RUNPATH_SEARCH_PATHS = (
					"$(inherited)",
					"@executable_path/../Frameworks",
				);
				MACOSX_DEPLOYMENT_TARGET = 26.0;
				MARKETING_VERSION = 1.0;
				PRODUCT_BUNDLE_IDENTIFIER = dev.crafters.Wraith;
				PRODUCT_NAME = "$(TARGET_NAME)";
				REGISTER_APP_GROUPS = YES;
				STRING_CATALOG_GENERATE_SYMBOLS = YES;
				SWIFT_APPROACHABLE_CONCURRENCY = YES;
				SWIFT_DEFAULT_ACTOR_ISOLATION = MainActor;
				SWIFT_EMIT_LOC_STRINGS = YES;
				SWIFT_STRICT_CONCURRENCY = complete;
				SWIFT_TREAT_WARNINGS_AS_ERRORS = YES;
				SWIFT_UPCOMING_FEATURE_MEMBER_IMPORT_VISIBILITY = YES;
				SWIFT_VERSION = 6.0;
			};
			name = Debug;
		};
		158380E8303E6BB600F921C8 /* Release configuration for PBXNativeTarget "Wraith" */ = {
			isa = XCBuildConfiguration;
			buildSettings = {
				ASSETCATALOG_COMPILER_APPICON_NAME = AppIcon;
				ASSETCATALOG_COMPILER_GLOBAL_ACCENT_COLOR_NAME = AccentColor;
				CODE_SIGN_STYLE = Automatic;
				COMBINE_HIDPI_IMAGES = YES;
				CURRENT_PROJECT_VERSION = 1;
				DEVELOPMENT_TEAM = H6PDBN2THG;
				ENABLE_APP_SANDBOX = NO;
				ENABLE_HARDENED_RUNTIME = YES;
				ENABLE_PREVIEWS = YES;
				ENABLE_USER_SELECTED_FILES = readonly;
				GENERATE_INFOPLIST_FILE = YES;
				INFOPLIST_FILE = Wraith/Info.plist;
				INFOPLIST_KEY_NSHumanReadableCopyright = "";
				LD_RUNPATH_SEARCH_PATHS = (
					"$(inherited)",
					"@executable_path/../Frameworks",
				);
				MACOSX_DEPLOYMENT_TARGET = 26.0;
				MARKETING_VERSION = 1.0;
				PRODUCT_BUNDLE_IDENTIFIER = dev.crafters.Wraith;
				PRODUCT_NAME = "$(TARGET_NAME)";
				REGISTER_APP_GROUPS = YES;
				STRING_CATALOG_GENERATE_SYMBOLS = YES;
				SWIFT_APPROACHABLE_CONCURRENCY = YES;
				SWIFT_DEFAULT_ACTOR_ISOLATION = MainActor;
				SWIFT_EMIT_LOC_STRINGS = YES;
				SWIFT_STRICT_CONCURRENCY = complete;
				SWIFT_TREAT_WARNINGS_AS_ERRORS = YES;
				SWIFT_UPCOMING_FEATURE_MEMBER_IMPORT_VISIBILITY = YES;
				SWIFT_VERSION = 6.0;
			};
			name = Release;
		};
		158380EA303E6BB600F921C8 /* Debug configuration for PBXNativeTarget "WraithTests" */ = {
			isa = XCBuildConfiguration;
			buildSettings = {
				BUNDLE_LOADER = "$(TEST_HOST)";
				CODE_SIGN_STYLE = Automatic;
				CURRENT_PROJECT_VERSION = 1;
				DEVELOPMENT_TEAM = H6PDBN2THG;
				GENERATE_INFOPLIST_FILE = YES;
				MACOSX_DEPLOYMENT_TARGET = 26.0;
				MARKETING_VERSION = 1.0;
				PRODUCT_BUNDLE_IDENTIFIER = dev.crafters.WraithTests;
				PRODUCT_NAME = "$(TARGET_NAME)";
				STRING_CATALOG_GENERATE_SYMBOLS = NO;
				SWIFT_APPROACHABLE_CONCURRENCY = YES;
				SWIFT_EMIT_LOC_STRINGS = NO;
				SWIFT_STRICT_CONCURRENCY = complete;
				SWIFT_TREAT_WARNINGS_AS_ERRORS = YES;
				SWIFT_UPCOMING_FEATURE_MEMBER_IMPORT_VISIBILITY = YES;
				SWIFT_VERSION = 6.0;
				TEST_HOST = "$(BUILT_PRODUCTS_DIR)/Wraith.app/$(BUNDLE_EXECUTABLE_FOLDER_PATH)/Wraith";
			};
			name = Debug;
		};
		158380EB303E6BB600F921C8 /* Release configuration for PBXNativeTarget "WraithTests" */ = {
			isa = XCBuildConfiguration;
			buildSettings = {
				BUNDLE_LOADER = "$(TEST_HOST)";
				CODE_SIGN_STYLE = Automatic;
				CURRENT_PROJECT_VERSION = 1;
				DEVELOPMENT_TEAM = H6PDBN2THG;
				GENERATE_INFOPLIST_FILE = YES;
				MACOSX_DEPLOYMENT_TARGET = 26.0;
				MARKETING_VERSION = 1.0;
				PRODUCT_BUNDLE_IDENTIFIER = dev.crafters.WraithTests;
				PRODUCT_NAME = "$(TARGET_NAME)";
				STRING_CATALOG_GENERATE_SYMBOLS = NO;
				SWIFT_APPROACHABLE_CONCURRENCY = YES;
				SWIFT_EMIT_LOC_STRINGS = NO;
				SWIFT_STRICT_CONCURRENCY = complete;
				SWIFT_TREAT_WARNINGS_AS_ERRORS = YES;
				SWIFT_UPCOMING_FEATURE_MEMBER_IMPORT_VISIBILITY = YES;
				SWIFT_VERSION = 6.0;
				TEST_HOST = "$(BUILT_PRODUCTS_DIR)/Wraith.app/$(BUNDLE_EXECUTABLE_FOLDER_PATH)/Wraith";
			};
			name = Release;
		};
/* End XCBuildConfiguration section */

/* Begin XCConfigurationList section */
		158380C2303E6BB500F921C8 /* Build configuration list for PBXProject "Wraith" */ = {
			isa = XCConfigurationList;
			buildConfigurations = (
				158380E4303E6BB600F921C8 /* Debug configuration for PBXProject "Wraith" */,
				158380E5303E6BB600F921C8 /* Release configuration for PBXProject "Wraith" */,
			);
			defaultConfigurationName = Release;
		};
		158380E6303E6BB600F921C8 /* Build configuration list for PBXNativeTarget "Wraith" */ = {
			isa = XCConfigurationList;
			buildConfigurations = (
				158380E7303E6BB600F921C8 /* Debug configuration for PBXNativeTarget "Wraith" */,
				158380E8303E6BB600F921C8 /* Release configuration for PBXNativeTarget "Wraith" */,
			);
			defaultConfigurationName = Release;
		};
		158380E9303E6BB600F921C8 /* Build configuration list for PBXNativeTarget "WraithTests" */ = {
			isa = XCConfigurationList;
			buildConfigurations = (
				158380EA303E6BB600F921C8 /* Debug configuration for PBXNativeTarget "WraithTests" */,
				158380EB303E6BB600F921C8 /* Release configuration for PBXNativeTarget "WraithTests" */,
			);
			defaultConfigurationName = Release;
		};
/* End XCConfigurationList section */

/* Begin XCRemoteSwiftPackageReference section */
		A1B2C3D400000000000000A1 /* XCRemoteSwiftPackageReference "AsyncFileMonitor" */ = {
			isa = XCRemoteSwiftPackageReference;
			repositoryURL = "https://github.com/CleanCocoa/AsyncFileMonitor.git";
			requirement = {
				kind = upToNextMinorVersion;
				minimumVersion = 1.0.0;
			};
		};
/* End XCRemoteSwiftPackageReference section */

/* Begin XCSwiftPackageProductDependency section */
		A1B2C3D400000000000000A2 /* AsyncFileMonitor */ = {
			isa = XCSwiftPackageProductDependency;
			package = A1B2C3D400000000000000A1 /* XCRemoteSwiftPackageReference "AsyncFileMonitor" */;
			productName = AsyncFileMonitor;
		};
/* End XCSwiftPackageProductDependency section */
	};
	rootObject = 158380BF303E6BB500F921C8 /* Project object */;
	validationLevel = 1;
}
